
Microsoft Visual Studio Solution File, Format Version 12.00
# Visual Studio Version 17
VisualStudioVersion = 17.7.34003.232
MinimumVisualStudioVersion = 10.0.40219.1
Project("{FAE04EC0-301F-11D3-BF4B-00C04F79EFBC}") = "NT.Sms", "NT.Sms\NT.Sms.csproj", "{FDA29335-7228-49AF-AF56-913BBA46C31F}"
EndProject
Project("{2150E333-8FDC-42A3-9474-1A3956D46DE8}") = "Solution Items", "Solution Items", "{DF1818F4-3F81-44F1-BC55-E335B9AF8994}"
	ProjectSection(SolutionItems) = preProject
		.editorconfig = .editorconfig
	EndProjectSection
EndProject
Global
	GlobalSection(SolutionConfigurationPlatforms) = preSolution
		Debug|Any CPU = Debug|Any CPU
		Release|Any CPU = Release|Any CPU
	EndGlobalSection
	GlobalSection(ProjectConfigurationPlatforms) = postSolution
		{FDA29335-7228-49AF-AF56-913BBA46C31F}.Debug|Any CPU.ActiveCfg = Debug|Any CPU
		{FDA29335-7228-49AF-AF56-913BBA46C31F}.Debug|Any CPU.Build.0 = Debug|Any CPU
		{FDA29335-7228-49AF-AF56-913BBA46C31F}.Release|Any CPU.ActiveCfg = Release|Any CPU
		{FDA29335-7228-49AF-AF56-913BBA46C31F}.Release|Any CPU.Build.0 = Release|Any CPU
	EndGlobalSection
	GlobalSection(SolutionProperties) = preSolution
		HideSolutionNode = FALSE
	EndGlobalSection
	GlobalSection(ExtensibilityGlobals) = postSolution
		SolutionGuid = {6100D4AA-87CA-42E5-821A-D6598AABB554}
	EndGlobalSection
EndGlobal
